# Auto-generated by ebpm - do not edit by hand.

[[package]]
name = "eb-cjson"
path = "/home/yann64/.ebpm/cache/git/https___github.com_yann64_eb-cjson_v0.3.0"
commit = "40c593e17a4e0785fed0619e61d10ddb540c30c7"
version = "0.3.0"
git = "https://github.com/yann64/eb-cjson"
ref = "v0.3.0"

[[package]]
name = "gtk4"
path = "/home/yann64/.ebpm/cache/git/https___github.com_yann64_eb-gtk4_v0.8.0"
commit = "0cfd385f084531187326bc1e1a59fffee2849c7d"
version = "0.8.0"
git = "https://github.com/yann64/eb-gtk4"
ref = "v0.8.0"
