# Auto-generated by ebpm - do not edit by hand.

[[package]]
name = "eb-cjson"
path = "/home/yann64/.ebpm/cache/git/https___github.com_yann64_eb-cjson_v0.1.0"
commit = "73c9afd24f7b4062cbc8d63246f120036e17e21c"
version = "0.1.0"
git = "https://github.com/yann64/eb-cjson"
ref = "v0.1.0"

[[package]]
name = "gtk4"
path = "/home/yann64/.ebpm/cache/git/https___github.com_yann64_eb-gtk4_v0.3.0"
commit = "0f6bb4dd5ae9c306723cc5bc056fcf159d8ac7f9"
version = "0.3.0"
git = "https://github.com/yann64/eb-gtk4"
ref = "v0.3.0"
